
Microsoft Visual Studio Solution File, Format Version 12.00
# Visual Studio Version 16
VisualStudioVersion = 16.0.32228.343
MinimumVisualStudioVersion = 10.0.40219.1
Project("{FAE04EC0-301F-11D3-BF4B-00C04F79EFBC}") = "30.03.2022 HomeWorkUlvi'sTask", "30.03.2022 HomeWorkUlvi'sTask\30.03.2022 HomeWorkUlvi'sTask.csproj", "{776184A0-85B7-452A-8974-D1DBC02E56DF}"
EndProject
Global
	GlobalSection(SolutionConfigurationPlatforms) = preSolution
		Debug|Any CPU = Debug|Any CPU
		Release|Any CPU = Release|Any CPU
	EndGlobalSection
	GlobalSection(ProjectConfigurationPlatforms) = postSolution
		{776184A0-85B7-452A-8974-D1DBC02E56DF}.Debug|Any CPU.ActiveCfg = Debug|Any CPU
		{776184A0-85B7-452A-8974-D1DBC02E56DF}.Debug|Any CPU.Build.0 = Debug|Any CPU
		{776184A0-85B7-452A-8974-D1DBC02E56DF}.Release|Any CPU.ActiveCfg = Release|Any CPU
		{776184A0-85B7-452A-8974-D1DBC02E56DF}.Release|Any CPU.Build.0 = Release|Any CPU
	EndGlobalSection
	GlobalSection(SolutionProperties) = preSolution
		HideSolutionNode = FALSE
	EndGlobalSection
	GlobalSection(ExtensibilityGlobals) = postSolution
		SolutionGuid = {B353DDCF-7AC7-4D03-842E-DBFCB6326575}
	EndGlobalSection
EndGlobal
