
Microsoft Visual Studio Solution File, Format Version 12.00
# Visual Studio Version 16
VisualStudioVersion = 16.0.32228.343
MinimumVisualStudioVersion = 10.0.40219.1
Project("{FAE04EC0-301F-11D3-BF4B-00C04F79EFBC}") = "30.03.2022 HomeWorkBashir'sTask", "30.03.2022 HomeWorkBashir'sTask\30.03.2022 HomeWorkBashir'sTask.csproj", "{860E5E13-0879-4CB8-A490-E26C07DAD139}"
EndProject
Global
	GlobalSection(SolutionConfigurationPlatforms) = preSolution
		Debug|Any CPU = Debug|Any CPU
		Release|Any CPU = Release|Any CPU
	EndGlobalSection
	GlobalSection(ProjectConfigurationPlatforms) = postSolution
		{860E5E13-0879-4CB8-A490-E26C07DAD139}.Debug|Any CPU.ActiveCfg = Debug|Any CPU
		{860E5E13-0879-4CB8-A490-E26C07DAD139}.Debug|Any CPU.Build.0 = Debug|Any CPU
		{860E5E13-0879-4CB8-A490-E26C07DAD139}.Release|Any CPU.ActiveCfg = Release|Any CPU
		{860E5E13-0879-4CB8-A490-E26C07DAD139}.Release|Any CPU.Build.0 = Release|Any CPU
	EndGlobalSection
	GlobalSection(SolutionProperties) = preSolution
		HideSolutionNode = FALSE
	EndGlobalSection
	GlobalSection(ExtensibilityGlobals) = postSolution
		SolutionGuid = {35696CFF-BEB0-4B26-8D3F-9DA82701B9ED}
	EndGlobalSection
EndGlobal
