
Microsoft Visual Studio Solution File, Format Version 12.00
# Visual Studio Version 16
VisualStudioVersion = 16.0.32228.343
MinimumVisualStudioVersion = 10.0.40219.1
Project("{FAE04EC0-301F-11D3-BF4B-00C04F79EFBC}") = "23.03.2022 HomeWorkAboutCars", "23.03.2022 HomeWorkAboutCars\23.03.2022 HomeWorkAboutCars.csproj", "{C5E8D7D5-5428-46D5-9F08-54A8718B784F}"
EndProject
Global
	GlobalSection(SolutionConfigurationPlatforms) = preSolution
		Debug|Any CPU = Debug|Any CPU
		Release|Any CPU = Release|Any CPU
	EndGlobalSection
	GlobalSection(ProjectConfigurationPlatforms) = postSolution
		{C5E8D7D5-5428-46D5-9F08-54A8718B784F}.Debug|Any CPU.ActiveCfg = Debug|Any CPU
		{C5E8D7D5-5428-46D5-9F08-54A8718B784F}.Debug|Any CPU.Build.0 = Debug|Any CPU
		{C5E8D7D5-5428-46D5-9F08-54A8718B784F}.Release|Any CPU.ActiveCfg = Release|Any CPU
		{C5E8D7D5-5428-46D5-9F08-54A8718B784F}.Release|Any CPU.Build.0 = Release|Any CPU
	EndGlobalSection
	GlobalSection(SolutionProperties) = preSolution
		HideSolutionNode = FALSE
	EndGlobalSection
	GlobalSection(ExtensibilityGlobals) = postSolution
		SolutionGuid = {5CB92F8B-49DB-4166-AB18-8DA269DE696A}
	EndGlobalSection
EndGlobal
