
Microsoft Visual Studio Solution File, Format Version 12.00
# Visual Studio Version 16
VisualStudioVersion = 16.0.32228.343
MinimumVisualStudioVersion = 10.0.40219.1
Project("{FAE04EC0-301F-11D3-BF4B-00C04F79EFBC}") = "23.03.2022 AboutFacebook", "23.03.2022 AboutFacebook\23.03.2022 AboutFacebook.csproj", "{0ED075BD-46D6-4985-AB59-4C3E49D1F7C8}"
EndProject
Global
	GlobalSection(SolutionConfigurationPlatforms) = preSolution
		Debug|Any CPU = Debug|Any CPU
		Release|Any CPU = Release|Any CPU
	EndGlobalSection
	GlobalSection(ProjectConfigurationPlatforms) = postSolution
		{0ED075BD-46D6-4985-AB59-4C3E49D1F7C8}.Debug|Any CPU.ActiveCfg = Debug|Any CPU
		{0ED075BD-46D6-4985-AB59-4C3E49D1F7C8}.Debug|Any CPU.Build.0 = Debug|Any CPU
		{0ED075BD-46D6-4985-AB59-4C3E49D1F7C8}.Release|Any CPU.ActiveCfg = Release|Any CPU
		{0ED075BD-46D6-4985-AB59-4C3E49D1F7C8}.Release|Any CPU.Build.0 = Release|Any CPU
	EndGlobalSection
	GlobalSection(SolutionProperties) = preSolution
		HideSolutionNode = FALSE
	EndGlobalSection
	GlobalSection(ExtensibilityGlobals) = postSolution
		SolutionGuid = {688DC15E-06AC-4E8D-B502-A273F9D753B3}
	EndGlobalSection
EndGlobal
